
Microsoft Visual Studio Solution File, Format Version 12.00
# Visual Studio 15
VisualStudioVersion = 15.0.28307.1433
MinimumVisualStudioVersion = 10.0.40219.1
Project("{FAE04EC0-301F-11D3-BF4B-00C04F79EFBC}") = "ChatServerApp", "ChatServerApp\ChatServerApp.csproj", "{FB99377B-42AB-475B-A488-614AF1B620AD}"
EndProject
Project("{FAE04EC0-301F-11D3-BF4B-00C04F79EFBC}") = "ClienteSocketApp", "ClienteSocketApp\ClienteSocketApp.csproj", "{DE63DB49-6A0F-41F9-B03F-C1FDF99167ED}"
EndProject
Global
	GlobalSection(SolutionConfigurationPlatforms) = preSolution
		Debug|Any CPU = Debug|Any CPU
		Release|Any CPU = Release|Any CPU
	EndGlobalSection
	GlobalSection(ProjectConfigurationPlatforms) = postSolution
		{FB99377B-42AB-475B-A488-614AF1B620AD}.Debug|Any CPU.ActiveCfg = Debug|Any CPU
		{FB99377B-42AB-475B-A488-614AF1B620AD}.Debug|Any CPU.Build.0 = Debug|Any CPU
		{FB99377B-42AB-475B-A488-614AF1B620AD}.Release|Any CPU.ActiveCfg = Release|Any CPU
		{FB99377B-42AB-475B-A488-614AF1B620AD}.Release|Any CPU.Build.0 = Release|Any CPU
		{DE63DB49-6A0F-41F9-B03F-C1FDF99167ED}.Debug|Any CPU.ActiveCfg = Debug|Any CPU
		{DE63DB49-6A0F-41F9-B03F-C1FDF99167ED}.Debug|Any CPU.Build.0 = Debug|Any CPU
		{DE63DB49-6A0F-41F9-B03F-C1FDF99167ED}.Release|Any CPU.ActiveCfg = Release|Any CPU
		{DE63DB49-6A0F-41F9-B03F-C1FDF99167ED}.Release|Any CPU.Build.0 = Release|Any CPU
	EndGlobalSection
	GlobalSection(SolutionProperties) = preSolution
		HideSolutionNode = FALSE
	EndGlobalSection
	GlobalSection(ExtensibilityGlobals) = postSolution
		SolutionGuid = {51DCFB31-5FFA-4E90-A8BF-8E0DCD800F12}
	EndGlobalSection
EndGlobal
